
Microsoft Visual Studio Solution File, Format Version 12.00
# Visual Studio Version 17
VisualStudioVersion = 17.11.35312.102
MinimumVisualStudioVersion = 10.0.40219.1
Project("{FAE04EC0-301F-11D3-BF4B-00C04F79EFBC}") = "LigaNOS", "LigaNOS\LigaNOS.csproj", "{43112397-3FE9-4BB7-B74D-B8C2B46781C9}"
EndProject
Global
	GlobalSection(SolutionConfigurationPlatforms) = preSolution
		Debug|Any CPU = Debug|Any CPU
		Release|Any CPU = Release|Any CPU
	EndGlobalSection
	GlobalSection(ProjectConfigurationPlatforms) = postSolution
		{43112397-3FE9-4BB7-B74D-B8C2B46781C9}.Debug|Any CPU.ActiveCfg = Debug|Any CPU
		{43112397-3FE9-4BB7-B74D-B8C2B46781C9}.Debug|Any CPU.Build.0 = Debug|Any CPU
		{43112397-3FE9-4BB7-B74D-B8C2B46781C9}.Release|Any CPU.ActiveCfg = Release|Any CPU
		{43112397-3FE9-4BB7-B74D-B8C2B46781C9}.Release|Any CPU.Build.0 = Release|Any CPU
	EndGlobalSection
	GlobalSection(SolutionProperties) = preSolution
		HideSolutionNode = FALSE
	EndGlobalSection
	GlobalSection(ExtensibilityGlobals) = postSolution
		SolutionGuid = {590219B5-DDFA-46AC-8A4F-DA61DB57B99C}
	EndGlobalSection
EndGlobal
